
Microsoft Visual Studio Solution File, Format Version 12.00
# Visual Studio Version 16
VisualStudioVersion = 16.0.30717.126
MinimumVisualStudioVersion = 10.0.40219.1
Project("{888888A0-9F3D-457C-B088-3A5042F75D52}") = "Software_Project", "Software_Project\Software_Project.pyproj", "{1BC2515A-3896-45DB-88E6-46A3529C3A55}"
EndProject
Global
	GlobalSection(SolutionConfigurationPlatforms) = preSolution
		Debug|Any CPU = Debug|Any CPU
		Release|Any CPU = Release|Any CPU
	EndGlobalSection
	GlobalSection(ProjectConfigurationPlatforms) = postSolution
		{1BC2515A-3896-45DB-88E6-46A3529C3A55}.Debug|Any CPU.ActiveCfg = Debug|Any CPU
		{1BC2515A-3896-45DB-88E6-46A3529C3A55}.Release|Any CPU.ActiveCfg = Release|Any CPU
	EndGlobalSection
	GlobalSection(SolutionProperties) = preSolution
		HideSolutionNode = FALSE
	EndGlobalSection
	GlobalSection(ExtensibilityGlobals) = postSolution
		SolutionGuid = {82D602AF-439E-438B-A698-83040A5E798C}
	EndGlobalSection
EndGlobal
